// !$*UTF8*$!
{
	archiveVersion = 1;
	classes = {
	};
	objectVersion = 55;
	objects = {

/* Begin PBXBuildFile section */
		2CDE7FD928FA0B7100B2B516 /* AppDelegate.swift in Sources */ = {isa = PBXBuildFile; fileRef = 2CDE7FD828FA0B7100B2B516 /* AppDelegate.swift */; };
		2CDE7FDB28FA0B7100B2B516 /* SceneDelegate.swift in Sources */ = {isa = PBXBuildFile; fileRef = 2CDE7FDA28FA0B7100B2B516 /* SceneDelegate.swift */; };
		2CDE7FDD28FA0B7100B2B516 /* ViewController.swift in Sources */ = {isa = PBXBuildFile; fileRef = 2CDE7FDC28FA0B7100B2B516 /* ViewController.swift */; };
		2CDE7FE028FA0B7100B2B516 /* Main.storyboard in Resources */ = {isa = PBXBuildFile; fileRef = 2CDE7FDE28FA0B7100B2B516 /* Main.storyboard */; };
		2CDE7FE228FA0B7200B2B516 /* Assets.xcassets in Resources */ = {isa = PBXBuildFile; fileRef = 2CDE7FE128FA0B7200B2B516 /* Assets.xcassets */; };
		2CDE7FE528FA0B7200B2B516 /* LaunchScreen.storyboard in Resources */ = {isa = PBXBuildFile; fileRef = 2CDE7FE328FA0B7200B2B516 /* LaunchScreen.storyboard */; };
		2CDE7FF028FA0B7200B2B516 /* ParstagramTests.swift in Sources */ = {isa = PBXBuildFile; fileRef = 2CDE7FEF28FA0B7200B2B516 /* ParstagramTests.swift */; };
		2CDE7FFA28FA0B7200B2B516 /* ParstagramUITests.swift in Sources */ = {isa = PBXBuildFile; fileRef = 2CDE7FF928FA0B7200B2B516 /* ParstagramUITests.swift */; };
		2CDE7FFC28FA0B7200B2B516 /* ParstagramUITestsLaunchTests.swift in Sources */ = {isa = PBXBuildFile; fileRef = 2CDE7FFB28FA0B7200B2B516 /* ParstagramUITestsLaunchTests.swift */; };
/* End PBXBuildFile section */

/* Begin PBXContainerItemProxy section */
		2CDE7FEC28FA0B7200B2B516 /* PBXContainerItemProxy */ = {
			isa = PBXContainerItemProxy;
			containerPortal = 2CDE7FCD28FA0B7100B2B516 /* Project object */;
			proxyType = 1;
			remoteGlobalIDString = 2CDE7FD428FA0B7100B2B516;
			remoteInfo = Parstagram;
		};
		2CDE7FF628FA0B7200B2B516 /* PBXContainerItemProxy */ = {
			isa = PBXContainerItemProxy;
			containerPortal = 2CDE7FCD28FA0B7100B2B516 /* Project object */;
			proxyType = 1;
			remoteGlobalIDString = 2CDE7FD428FA0B7100B2B516;
			remoteInfo = Parstagram;
		};
/* End PBXContainerItemProxy section */

/* Begin PBXFileReference section */
		2CDE7FD528FA0B7100B2B516 /* Parstagram.app */ = {isa = PBXFileReference; explicitFileType = wrapper.application; includeInIndex = 0; path = Parstagram.app; sourceTree = BUILT_PRODUCTS_DIR; };
		2CDE7FD828FA0B7100B2B516 /* AppDelegate.swift */ = {isa = PBXFileReference; lastKnownFileType = sourcecode.swift; path = AppDelegate.swift; sourceTree = "<group>"; };
		2CDE7FDA28FA0B7100B2B516 /* SceneDelegate.swift */ = {isa = PBXFileReference; lastKnownFileType = sourcecode.swift; path = SceneDelegate.swift; sourceTree = "<group>"; };
		2CDE7FDC28FA0B7100B2B516 /* ViewController.swift */ = {isa = PBXFileReference; lastKnownFileType = sourcecode.swift; path = ViewController.swift; sourceTree = "<group>"; };
		2CDE7FDF28FA0B7100B2B516 /* Base */ = {isa = PBXFileReference; lastKnownFileType = file.storyboard; name = Base; path = Base.lproj/Main.storyboard; sourceTree = "<group>"; };
		2CDE7FE128FA0B7200B2B516 /* Assets.xcassets */ = {isa = PBXFileReference; lastKnownFileType = folder.assetcatalog; path = Assets.xcassets; sourceTree = "<group>"; };
		2CDE7FE428FA0B7200B2B516 /* Base */ = {isa = PBXFileReference; lastKnownFileType = file.storyboard; name = Base; path = Base.lproj/LaunchScreen.storyboard; sourceTree = "<group>"; };
		2CDE7FE628FA0B7200B2B516 /* Info.plist */ = {isa = PBXFileReference; lastKnownFileType = text.plist.xml; path = Info.plist; sourceTree = "<group>"; };
		2CDE7FEB28FA0B7200B2B516 /* ParstagramTests.xctest */ = {isa = PBXFileReference; explicitFileType = wrapper.cfbundle; includeInIndex = 0; path = ParstagramTests.xctest; sourceTree = BUILT_PRODUCTS_DIR; };
		2CDE7FEF28FA0B7200B2B516 /* ParstagramTests.swift */ = {isa = PBXFileReference; lastKnownFileType = sourcecode.swift; path = ParstagramTests.swift; sourceTree = "<group>"; };
		2CDE7FF528FA0B7200B2B516 /* ParstagramUITests.xctest */ = {isa = PBXFileReference; explicitFileType = wrapper.cfbundle; includeInIndex = 0; path = ParstagramUITests.xctest; sourceTree = BUILT_PRODUCTS_DIR; };
		2CDE7FF928FA0B7200B2B516 /* ParstagramUITests.swift */ = {isa = PBXFileReference; lastKnownFileType = sourcecode.swift; path = ParstagramUITests.swift; sourceTree = "<group>"; };
		2CDE7FFB28FA0B7200B2B516 /* ParstagramUITestsLaunchTests.swift */ = {isa = PBXFileReference; lastKnownFileType = sourcecode.swift; path = ParstagramUITestsLaunchTests.swift; sourceTree = "<group>"; };
/* End PBXFileReference section */

/* Begin PBXFrameworksBuildPhase section */
		2CDE7FD228FA0B7100B2B516 /* Frameworks */ = {
			isa = PBXFrameworksBuildPhase;
			buildActionMask = 2147483647;
			files = (
			);
			runOnlyForDeploymentPostprocessing = 0;
		};
		2CDE7FE828FA0B7200B2B516 /* Frameworks */ = {
			isa = PBXFrameworksBuildPhase;
			buildActionMask = 2147483647;
			files = (
			);
			runOnlyForDeploymentPostprocessing = 0;
		};
		2CDE7FF228FA0B7200B2B516 /* Frameworks */ = {
			isa = PBXFrameworksBuildPhase;
			buildActionMask = 2147483647;
			files = (
			);
			runOnlyForDeploymentPostprocessing = 0;
		};
/* End PBXFrameworksBuildPhase section */

/* Begin PBXGroup section */
		2CDE7FCC28FA0B7100B2B516 = {
			isa = PBXGroup;
			children = (
				2CDE7FD728FA0B7100B2B516 /* Parstagram */,
				2CDE7FEE28FA0B7200B2B516 /* ParstagramTests */,
				2CDE7FF828FA0B7200B2B516 /* ParstagramUITests */,
				2CDE7FD628FA0B7100B2B516 /* Products */,
			);
			sourceTree = "<group>";
		};
		2CDE7FD628FA0B7100B2B516 /* Products */ = {
			isa = PBXGroup;
			children = (
				2CDE7FD528FA0B7100B2B516 /* Parstagram.app */,
				2CDE7FEB28FA0B7200B2B516 /* ParstagramTests.xctest */,
				2CDE7FF528FA0B7200B2B516 /* ParstagramUITests.xctest */,
			);
			name = Products;
			sourceTree = "<group>";
		};
		2CDE7FD728FA0B7100B2B516 /* Parstagram */ = {
			isa = PBXGroup;
			children = (
				2CDE7FD828FA0B7100B2B516 /* AppDelegate.swift */,
				2CDE7FDA28FA0B7100B2B516 /* SceneDelegate.swift */,
				2CDE7FDC28FA0B7100B2B516 /* ViewController.swift */,
				2CDE7FDE28FA0B7100B2B516 /* Main.storyboard */,
				2CDE7FE128FA0B7200B2B516 /* Assets.xcassets */,
				2CDE7FE328FA0B7200B2B516 /* LaunchScreen.storyboard */,
				2CDE7FE628FA0B7200B2B516 /* Info.plist */,
			);
			path = Parstagram;
			sourceTree = "<group>";
		};
		2CDE7FEE28FA0B7200B2B516 /* ParstagramTests */ = {
			isa = PBXGroup;
			children = (
				2CDE7FEF28FA0B7200B2B516 /* ParstagramTests.swift */,
			);
			path = ParstagramTests;
			sourceTree = "<group>";
		};
		2CDE7FF828FA0B7200B2B516 /* ParstagramUITests */ = {
			isa = PBXGroup;
			children = (
				2CDE7FF928FA0B7200B2B516 /* ParstagramUITests.swift */,
				2CDE7FFB28FA0B7200B2B516 /* ParstagramUITestsLaunchTests.swift */,
			);
			path = ParstagramUITests;
			sourceTree = "<group>";
		};
/* End PBXGroup section */

/* Begin PBXNativeTarget section */
		2CDE7FD428FA0B7100B2B516 /* Parstagram */ = {
			isa = PBXNativeTarget;
			buildConfigurationList = 2CDE7FFF28FA0B7200B2B516 /* Build configuration list for PBXNativeTarget "Parstagram" */;
			buildPhases = (
				2CDE7FD128FA0B7100B2B516 /* Sources */,
				2CDE7FD228FA0B7100B2B516 /* Frameworks */,
				2CDE7FD328FA0B7100B2B516 /* Resources */,
			);
			buildRules = (
			);
			dependencies = (
			);
			name = Parstagram;
			productName = Parstagram;
			productReference = 2CDE7FD528FA0B7100B2B516 /* Parstagram.app */;
			productType = "com.apple.product-type.application";
		};
		2CDE7FEA28FA0B7200B2B516 /* ParstagramTests */ = {
			isa = PBXNativeTarget;
			buildConfigurationList = 2CDE800228FA0B7200B2B516 /* Build configuration list for PBXNativeTarget "ParstagramTests" */;
			buildPhases = (
				2CDE7FE728FA0B7200B2B516 /* Sources */,
				2CDE7FE828FA0B7200B2B516 /* Frameworks */,
				2CDE7FE928FA0B7200B2B516 /* Resources */,
			);
			buildRules = (
			);
			dependencies = (
				2CDE7FED28FA0B7200B2B516 /* PBXTargetDependency */,
			);
			name = ParstagramTests;
			productName = ParstagramTests;
			productReference = 2CDE7FEB28FA0B7200B2B516 /* ParstagramTests.xctest */;
			productType = "com.apple.product-type.bundle.unit-test";
		};
		2CDE7FF428FA0B7200B2B516 /* ParstagramUITests */ = {
			isa = PBXNativeTarget;
			buildConfigurationList = 2CDE800528FA0B7200B2B516 /* Build configuration list for PBXNativeTarget "ParstagramUITests" */;
			buildPhases = (
				2CDE7FF128FA0B7200B2B516 /* Sources */,
				2CDE7FF228FA0B7200B2B516 /* Frameworks */,
				2CDE7FF328FA0B7200B2B516 /* Resources */,
			);
			buildRules = (
			);
			dependencies = (
				2CDE7FF728FA0B7200B2B516 /* PBXTargetDependency */,
			);
			name = ParstagramUITests;
			productName = ParstagramUITests;
			productReference = 2CDE7FF528FA0B7200B2B516 /* ParstagramUITests.xctest */;
			productType = "com.apple.product-type.bundle.ui-testing";
		};
/* End PBXNativeTarget section */

/* Begin PBXProject section */
		2CDE7FCD28FA0B7100B2B516 /* Project object */ = {
			isa = PBXProject;
			attributes = {
				BuildIndependentTargetsInParallel = 1;
				LastSwiftUpdateCheck = 1340;
				LastUpgradeCheck = 1340;
				TargetAttributes = {
					2CDE7FD428FA0B7100B2B516 = {
						CreatedOnToolsVersion = 13.4.1;
					};
					2CDE7FEA28FA0B7200B2B516 = {
						CreatedOnToolsVersion = 13.4.1;
						TestTargetID = 2CDE7FD428FA0B7100B2B516;
					};
					2CDE7FF428FA0B7200B2B516 = {
						CreatedOnToolsVersion = 13.4.1;
						TestTargetID = 2CDE7FD428FA0B7100B2B516;
					};
				};
			};
			buildConfigurationList = 2CDE7FD028FA0B7100B2B516 /* Build configuration list for PBXProject "Parstagram" */;
			compatibilityVersion = "Xcode 13.0";
			developmentRegion = en;
			hasScannedForEncodings = 0;
			knownRegions = (
				en,
				Base,
			);
			mainGroup = 2CDE7FCC28FA0B7100B2B516;
			productRefGroup = 2CDE7FD628FA0B7100B2B516 /* Products */;
			projectDirPath = "";
			projectRoot = "";
			targets = (
				2CDE7FD428FA0B7100B2B516 /* Parstagram */,
				2CDE7FEA28FA0B7200B2B516 /* ParstagramTests */,
				2CDE7FF428FA0B7200B2B516 /* ParstagramUITests */,
			);
		};
/* End PBXProject section */

/* Begin PBXResourcesBuildPhase section */
		2CDE7FD328FA0B7100B2B516 /* Resources */ = {
			isa = PBXResourcesBuildPhase;
			buildActionMask = 2147483647;
			files = (
				2CDE7FE528FA0B7200B2B516 /* LaunchScreen.storyboard in Resources */,
				2CDE7FE228FA0B7200B2B516 /* Assets.xcassets in Resources */,
				2CDE7FE028FA0B7100B2B516 /* Main.storyboard in Resources */,
			);
			runOnlyForDeploymentPostprocessing = 0;
		};
		2CDE7FE928FA0B7200B2B516 /* Resources */ = {
			isa = PBXResourcesBuildPhase;
			buildActionMask = 2147483647;
			files = (
			);
			runOnlyForDeploymentPostprocessing = 0;
		};
		2CDE7FF328FA0B7200B2B516 /* Resources */ = {
			isa = PBXResourcesBuildPhase;
			buildActionMask = 2147483647;
			files = (
			);
			runOnlyForDeploymentPostprocessing = 0;
		};
/* End PBXResourcesBuildPhase section */

/* Begin PBXSourcesBuildPhase section */
		2CDE7FD128FA0B7100B2B516 /* Sources */ = {
			isa = PBXSourcesBuildPhase;
			buildActionMask = 2147483647;
			files = (
				2CDE7FDD28FA0B7100B2B516 /* ViewController.swift in Sources */,
				2CDE7FD928FA0B7100B2B516 /* AppDelegate.swift in Sources */,
				2CDE7FDB28FA0B7100B2B516 /* SceneDelegate.swift in Sources */,
			);
			runOnlyForDeploymentPostprocessing = 0;
		};
		2CDE7FE728FA0B7200B2B516 /* Sources */ = {
			isa = PBXSourcesBuildPhase;
			buildActionMask = 2147483647;
			files = (
				2CDE7FF028FA0B7200B2B516 /* ParstagramTests.swift in Sources */,
			);
			runOnlyForDeploymentPostprocessing = 0;
		};
		2CDE7FF128FA0B7200B2B516 /* Sources */ = {
			isa = PBXSourcesBuildPhase;
			buildActionMask = 2147483647;
			files = (
				2CDE7FFC28FA0B7200B2B516 /* ParstagramUITestsLaunchTests.swift in Sources */,
				2CDE7FFA28FA0B7200B2B516 /* ParstagramUITests.swift in Sources */,
			);
			runOnlyForDeploymentPostprocessing = 0;
		};
/* End PBXSourcesBuildPhase section */

/* Begin PBXTargetDependency section */
		2CDE7FED28FA0B7200B2B516 /* PBXTargetDependency */ = {
			isa = PBXTargetDependency;
			target = 2CDE7FD428FA0B7100B2B516 /* Parstagram */;
			targetProxy = 2CDE7FEC28FA0B7200B2B516 /* PBXContainerItemProxy */;
		};
		2CDE7FF728FA0B7200B2B516 /* PBXTargetDependency */ = {
			isa = PBXTargetDependency;
			target = 2CDE7FD428FA0B7100B2B516 /* Parstagram */;
			targetProxy = 2CDE7FF628FA0B7200B2B516 /* PBXContainerItemProxy */;
		};
/* End PBXTargetDependency section */

/* Begin PBXVariantGroup section */
		2CDE7FDE28FA0B7100B2B516 /* Main.storyboard */ = {
			isa = PBXVariantGroup;
			children = (
				2CDE7FDF28FA0B7100B2B516 /* Base */,
			);
			name = Main.storyboard;
			sourceTree = "<group>";
		};
		2CDE7FE328FA0B7200B2B516 /* LaunchScreen.storyboard */ = {
			isa = PBXVariantGroup;
			children = (
				2CDE7FE428FA0B7200B2B516 /* Base */,
			);
			name = LaunchScreen.storyboard;
			sourceTree = "<group>";
		};
/* End PBXVariantGroup section */

/* Begin XCBuildConfiguration section */
		2CDE7FFD28FA0B7200B2B516 /* Debug */ = {
			isa = XCBuildConfiguration;
			buildSettings = {
				ALWAYS_SEARCH_USER_PATHS = NO;
				CLANG_ANALYZER_NONNULL = YES;
				CLANG_ANALYZER_NUMBER_OBJECT_CONVERSION = YES_AGGRESSIVE;
				CLANG_CXX_LANGUAGE_STANDARD = "gnu++17";
				CLANG_ENABLE_MODULES = YES;
				CLANG_ENABLE_OBJC_ARC = YES;
				CLANG_ENABLE_OBJC_WEAK = YES;
				CLANG_WARN_BLOCK_CAPTURE_AUTORELEASING = YES;
				CLANG_WARN_BOOL_CONVERSION = YES;
				CLANG_WARN_COMMA = YES;
				CLANG_WARN_CONSTANT_CONVERSION = YES;
				CLANG_WARN_DEPRECATED_OBJC_IMPLEMENTATIONS = YES;
				CLANG_WARN_DIRECT_OBJC_ISA_USAGE = YES_ERROR;
				CLANG_WARN_DOCUMENTATION_COMMENTS = YES;
				CLANG_WARN_EMPTY_BODY = YES;
				CLANG_WARN_ENUM_CONVERSION = YES;
				CLANG_WARN_INFINITE_RECURSION = YES;
				CLANG_WARN_INT_CONVERSION = YES;
				CLANG_WARN_NON_LITERAL_NULL_CONVERSION = YES;
				CLANG_WARN_OBJC_IMPLICIT_RETAIN_SELF = YES;
				CLANG_WARN_OBJC_LITERAL_CONVERSION = YES;
				CLANG_WARN_OBJC_ROOT_CLASS = YES_ERROR;
				CLANG_WARN_QUOTED_INCLUDE_IN_FRAMEWORK_HEADER = YES;
				CLANG_WARN_RANGE_LOOP_ANALYSIS = YES;
				CLANG_WARN_STRICT_PROTOTYPES = YES;
				CLANG_WARN_SUSPICIOUS_MOVE = YES;
				CLANG_WARN_UNGUARDED_AVAILABILITY = YES_AGGRESSIVE;
				CLANG_WARN_UNREACHABLE_CODE = YES;
				CLANG_WARN__DUPLICATE_METHOD_MATCH = YES;
				COPY_PHASE_STRIP = NO;
				DEBUG_INFORMATION_FORMAT = dwarf;
				ENABLE_STRICT_OBJC_MSGSEND = YES;
				ENABLE_TESTABILITY = YES;
				GCC_C_LANGUAGE_STANDARD = gnu11;
				GCC_DYNAMIC_NO_PIC = NO;
				GCC_NO_COMMON_BLOCKS = YES;
				GCC_OPTIMIZATION_LEVEL = 0;
				GCC_PREPROCESSOR_DEFINITIONS = (
					"DEBUG=1",
					"$(inherited)",
				);
				GCC_WARN_64_TO_32_BIT_CONVERSION = YES;
				GCC_WARN_ABOUT_RETURN_TYPE = YES_ERROR;
				GCC_WARN_UNDECLARED_SELECTOR = YES;
				GCC_WARN_UNINITIALIZED_AUTOS = YES_AGGRESSIVE;
				GCC_WARN_UNUSED_FUNCTION = YES;
				GCC_WARN_UNUSED_VARIABLE = YES;
				IPHONEOS_DEPLOYMENT_TARGET = 15.5;
				MTL_ENABLE_DEBUG_INFO = INCLUDE_SOURCE;
				MTL_FAST_MATH = YES;
				ONLY_ACTIVE_ARCH = YES;
				SDKROOT = iphoneos;
				SWIFT_ACTIVE_COMPILATION_CONDITIONS = DEBUG;
				SWIFT_OPTIMIZATION_LEVEL = "-Onone";
			};
			name = Debug;
		};
		2CDE7FFE28FA0B7200B2B516 /* Release */ = {
			isa = XCBuildConfiguration;
			buildSettings = {
				ALWAYS_SEARCH_USER_PATHS = NO;
				CLANG_ANALYZER_NONNULL = YES;
				CLANG_ANALYZER_NUMBER_OBJECT_CONVERSION = YES_AGGRESSIVE;
				CLANG_CXX_LANGUAGE_STANDARD = "gnu++17";
				CLANG_ENABLE_MODULES = YES;
				CLANG_ENABLE_OBJC_ARC = YES;
				CLANG_ENABLE_OBJC_WEAK = YES;
				CLANG_WARN_BLOCK_CAPTURE_AUTORELEASING = YES;
				CLANG_WARN_BOOL_CONVERSION = YES;
				CLANG_WARN_COMMA = YES;
				CLANG_WARN_CONSTANT_CONVERSION = YES;
				CLANG_WARN_DEPRECATED_OBJC_IMPLEMENTATIONS = YES;
				CLANG_WARN_DIRECT_OBJC_ISA_USAGE = YES_ERROR;
				CLANG_WARN_DOCUMENTATION_COMMENTS = YES;
				CLANG_WARN_EMPTY_BODY = YES;
				CLANG_WARN_ENUM_CONVERSION = YES;
				CLANG_WARN_INFINITE_RECURSION = YES;
				CLANG_WARN_INT_CONVERSION = YES;
				CLANG_WARN_NON_LITERAL_NULL_CONVERSION = YES;
				CLANG_WARN_OBJC_IMPLICIT_RETAIN_SELF = YES;
				CLANG_WARN_OBJC_LITERAL_CONVERSION = YES;
				CLANG_WARN_OBJC_ROOT_CLASS = YES_ERROR;
				CLANG_WARN_QUOTED_INCLUDE_IN_FRAMEWORK_HEADER = YES;
				CLANG_WARN_RANGE_LOOP_ANALYSIS = YES;
				CLANG_WARN_STRICT_PROTOTYPES = YES;
				CLANG_WARN_SUSPICIOUS_MOVE = YES;
				CLANG_WARN_UNGUARDED_AVAILABILITY = YES_AGGRESSIVE;
				CLANG_WARN_UNREACHABLE_CODE = YES;
				CLANG_WARN__DUPLICATE_METHOD_MATCH = YES;
				COPY_PHASE_STRIP = NO;
				DEBUG_INFORMATION_FORMAT = "dwarf-with-dsym";
				ENABLE_NS_ASSERTIONS = NO;
				ENABLE_STRICT_OBJC_MSGSEND = YES;
				GCC_C_LANGUAGE_STANDARD = gnu11;
				GCC_NO_COMMON_BLOCKS = YES;
				GCC_WARN_64_TO_32_BIT_CONVERSION = YES;
				GCC_WARN_ABOUT_RETURN_TYPE = YES_ERROR;
				GCC_WARN_UNDECLARED_SELECTOR = YES;
				GCC_WARN_UNINITIALIZED_AUTOS = YES_AGGRESSIVE;
				GCC_WARN_UNUSED_FUNCTION = YES;
				GCC_WARN_UNUSED_VARIABLE = YES;
				IPHONEOS_DEPLOYMENT_TARGET = 15.5;
				MTL_ENABLE_DEBUG_INFO = NO;
				MTL_FAST_MATH = YES;
				SDKROOT = iphoneos;
				SWIFT_COMPILATION_MODE = wholemodule;
				SWIFT_OPTIMIZATION_LEVEL = "-O";
				VALIDATE_PRODUCT = YES;
			};
			name = Release;
		};
		2CDE800028FA0B7200B2B516 /* Debug */ = {
			isa = XCBuildConfiguration;
			buildSettings = {
				ASSETCATALOG_COMPILER_APPICON_NAME = AppIcon;
				ASSETCATALOG_COMPILER_GLOBAL_ACCENT_COLOR_NAME = AccentColor;
				CODE_SIGN_STYLE = Automatic;
				CURRENT_PROJECT_VERSION = 1;
				DEVELOPMENT_TEAM = 2U4Y74DMPY;
				GENERATE_INFOPLIST_FILE = YES;
				INFOPLIST_FILE = Parstagram/Info.plist;
				INFOPLIST_KEY_UIApplicationSupportsIndirectInputEvents = YES;
				INFOPLIST_KEY_UILaunchStoryboardName = LaunchScreen;
				INFOPLIST_KEY_UIMainStoryboardFile = Main;
				INFOPLIST_KEY_UISupportedInterfaceOrientations_iPad = "UIInterfaceOrientationPortrait UIInterfaceOrientationPortraitUpsideDown UIInterfaceOrientationLandscapeLeft UIInterfaceOrientationLandscapeRight";
				INFOPLIST_KEY_UISupportedInterfaceOrientations_iPhone = "UIInterfaceOrientationPortrait UIInterfaceOrientationLandscapeLeft UIInterfaceOrientationLandscapeRight";
				LD_RUNPATH_SEARCH_PATHS = (
					"$(inherited)",
					"@executable_path/Frameworks",
				);
				MARKETING_VERSION = 1.0;
				PRODUCT_BUNDLE_IDENTIFIER = com.vasantsaladiapple.Parstagram;
				PRODUCT_NAME = "$(TARGET_NAME)";
				SWIFT_EMIT_LOC_STRINGS = YES;
				SWIFT_VERSION = 5.0;
				TARGETED_DEVICE_FAMILY = "1,2";
			};
			name = Debug;
		};
		2CDE800128FA0B7200B2B516 /* Release */ = {
			isa = XCBuildConfiguration;
			buildSettings = {
				ASSETCATALOG_COMPILER_APPICON_NAME = AppIcon;
				ASSETCATALOG_COMPILER_GLOBAL_ACCENT_COLOR_NAME = AccentColor;
				CODE_SIGN_STYLE = Automatic;
				CURRENT_PROJECT_VERSION = 1;
				DEVELOPMENT_TEAM = 2U4Y74DMPY;
				GENERATE_INFOPLIST_FILE = YES;
				INFOPLIST_FILE = Parstagram/Info.plist;
				INFOPLIST_KEY_UIApplicationSupportsIndirectInputEvents = YES;
				INFOPLIST_KEY_UILaunchStoryboardName = LaunchScreen;
				INFOPLIST_KEY_UIMainStoryboardFile = Main;
				INFOPLIST_KEY_UISupportedInterfaceOrientations_iPad = "UIInterfaceOrientationPortrait UIInterfaceOrientationPortraitUpsideDown UIInterfaceOrientationLandscapeLeft UIInterfaceOrientationLandscapeRight";
				INFOPLIST_KEY_UISupportedInterfaceOrientations_iPhone = "UIInterfaceOrientationPortrait UIInterfaceOrientationLandscapeLeft UIInterfaceOrientationLandscapeRight";
				LD_RUNPATH_SEARCH_PATHS = (
					"$(inherited)",
					"@executable_path/Frameworks",
				);
				MARKETING_VERSION = 1.0;
				PRODUCT_BUNDLE_IDENTIFIER = com.vasantsaladiapple.Parstagram;
				PRODUCT_NAME = "$(TARGET_NAME)";
				SWIFT_EMIT_LOC_STRINGS = YES;
				SWIFT_VERSION = 5.0;
				TARGETED_DEVICE_FAMILY = "1,2";
			};
			name = Release;
		};
		2CDE800328FA0B7200B2B516 /* Debug */ = {
			isa = XCBuildConfiguration;
			buildSettings = {
				ALWAYS_EMBED_SWIFT_STANDARD_LIBRARIES = YES;
				BUNDLE_LOADER = "$(TEST_HOST)";
				CODE_SIGN_STYLE = Automatic;
				CURRENT_PROJECT_VERSION = 1;
				DEVELOPMENT_TEAM = 2U4Y74DMPY;
				GENERATE_INFOPLIST_FILE = YES;
				IPHONEOS_DEPLOYMENT_TARGET = 15.5;
				MARKETING_VERSION = 1.0;
				PRODUCT_BUNDLE_IDENTIFIER = com.vasantsaladiapple.ParstagramTests;
				PRODUCT_NAME = "$(TARGET_NAME)";
				SWIFT_EMIT_LOC_STRINGS = NO;
				SWIFT_VERSION = 5.0;
				TARGETED_DEVICE_FAMILY = "1,2";
				TEST_HOST = "$(BUILT_PRODUCTS_DIR)/Parstagram.app/Parstagram";
			};
			name = Debug;
		};
		2CDE800428FA0B7200B2B516 /* Release */ = {
			isa = XCBuildConfiguration;
			buildSettings = {
				ALWAYS_EMBED_SWIFT_STANDARD_LIBRARIES = YES;
				BUNDLE_LOADER = "$(TEST_HOST)";
				CODE_SIGN_STYLE = Automatic;
				CURRENT_PROJECT_VERSION = 1;
				DEVELOPMENT_TEAM = 2U4Y74DMPY;
				GENERATE_INFOPLIST_FILE = YES;
				IPHONEOS_DEPLOYMENT_TARGET = 15.5;
				MARKETING_VERSION = 1.0;
				PRODUCT_BUNDLE_IDENTIFIER = com.vasantsaladiapple.ParstagramTests;
				PRODUCT_NAME = "$(TARGET_NAME)";
				SWIFT_EMIT_LOC_STRINGS = NO;
				SWIFT_VERSION = 5.0;
				TARGETED_DEVICE_FAMILY = "1,2";
				TEST_HOST = "$(BUILT_PRODUCTS_DIR)/Parstagram.app/Parstagram";
			};
			name = Release;
		};
		2CDE800628FA0B7200B2B516 /* Debug */ = {
			isa = XCBuildConfiguration;
			buildSettings = {
				ALWAYS_EMBED_SWIFT_STANDARD_LIBRARIES = YES;
				CODE_SIGN_STYLE = Automatic;
				CURRENT_PROJECT_VERSION = 1;
				DEVELOPMENT_TEAM = 2U4Y74DMPY;
				GENERATE_INFOPLIST_FILE = YES;
				MARKETING_VERSION = 1.0;
				PRODUCT_BUNDLE_IDENTIFIER = com.vasantsaladiapple.ParstagramUITests;
				PRODUCT_NAME = "$(TARGET_NAME)";
				SWIFT_EMIT_LOC_STRINGS = NO;
				SWIFT_VERSION = 5.0;
				TARGETED_DEVICE_FAMILY = "1,2";
				TEST_TARGET_NAME = Parstagram;
			};
			name = Debug;
		};
		2CDE800728FA0B7200B2B516 /* Release */ = {
			isa = XCBuildConfiguration;
			buildSettings = {
				ALWAYS_EMBED_SWIFT_STANDARD_LIBRARIES = YES;
				CODE_SIGN_STYLE = Automatic;
				CURRENT_PROJECT_VERSION = 1;
				DEVELOPMENT_TEAM = 2U4Y74DMPY;
				GENERATE_INFOPLIST_FILE = YES;
				MARKETING_VERSION = 1.0;
				PRODUCT_BUNDLE_IDENTIFIER = com.vasantsaladiapple.ParstagramUITests;
				PRODUCT_NAME = "$(TARGET_NAME)";
				SWIFT_EMIT_LOC_STRINGS = NO;
				SWIFT_VERSION = 5.0;
				TARGETED_DEVICE_FAMILY = "1,2";
				TEST_TARGET_NAME = Parstagram;
			};
			name = Release;
		};
/* End XCBuildConfiguration section */

/* Begin XCConfigurationList section */
		2CDE7FD028FA0B7100B2B516 /* Build configuration list for PBXProject "Parstagram" */ = {
			isa = XCConfigurationList;
			buildConfigurations = (
				2CDE7FFD28FA0B7200B2B516 /* Debug */,
				2CDE7FFE28FA0B7200B2B516 /* Release */,
			);
			defaultConfigurationIsVisible = 0;
			defaultConfigurationName = Release;
		};
		2CDE7FFF28FA0B7200B2B516 /* Build configuration list for PBXNativeTarget "Parstagram" */ = {
			isa = XCConfigurationList;
			buildConfigurations = (
				2CDE800028FA0B7200B2B516 /* Debug */,
				2CDE800128FA0B7200B2B516 /* Release */,
			);
			defaultConfigurationIsVisible = 0;
			defaultConfigurationName = Release;
		};
		2CDE800228FA0B7200B2B516 /* Build configuration list for PBXNativeTarget "ParstagramTests" */ = {
			isa = XCConfigurationList;
			buildConfigurations = (
				2CDE800328FA0B7200B2B516 /* Debug */,
				2CDE800428FA0B7200B2B516 /* Release */,
			);
			defaultConfigurationIsVisible = 0;
			defaultConfigurationName = Release;
		};
		2CDE800528FA0B7200B2B516 /* Build configuration list for PBXNativeTarget "ParstagramUITests" */ = {
			isa = XCConfigurationList;
			buildConfigurations = (
				2CDE800628FA0B7200B2B516 /* Debug */,
				2CDE800728FA0B7200B2B516 /* Release */,
			);
			defaultConfigurationIsVisible = 0;
			defaultConfigurationName = Release;
		};
/* End XCConfigurationList section */
	};
	rootObject = 2CDE7FCD28FA0B7100B2B516 /* Project object */;
}
